
Microsoft Visual Studio Solution File, Format Version 12.00
# Visual Studio Version 17
VisualStudioVersion = 17.2.32526.322
MinimumVisualStudioVersion = 10.0.40219.1
Project("{FAE04EC0-301F-11D3-BF4B-00C04F79EFBC}") = "WpfCalculatriceProject", "WpfCalculatriceProject\WpfCalculatriceProject.csproj", "{A029682A-BF33-445B-BE67-57B8D856A2F8}"
EndProject
Global
	GlobalSection(SolutionConfigurationPlatforms) = preSolution
		Debug|Any CPU = Debug|Any CPU
		Release|Any CPU = Release|Any CPU
	EndGlobalSection
	GlobalSection(ProjectConfigurationPlatforms) = postSolution
		{A029682A-BF33-445B-BE67-57B8D856A2F8}.Debug|Any CPU.ActiveCfg = Debug|Any CPU
		{A029682A-BF33-445B-BE67-57B8D856A2F8}.Debug|Any CPU.Build.0 = Debug|Any CPU
		{A029682A-BF33-445B-BE67-57B8D856A2F8}.Release|Any CPU.ActiveCfg = Release|Any CPU
		{A029682A-BF33-445B-BE67-57B8D856A2F8}.Release|Any CPU.Build.0 = Release|Any CPU
	EndGlobalSection
	GlobalSection(SolutionProperties) = preSolution
		HideSolutionNode = FALSE
	EndGlobalSection
	GlobalSection(ExtensibilityGlobals) = postSolution
		SolutionGuid = {92F8E478-F57E-4F90-B956-2B0C53493560}
	EndGlobalSection
EndGlobal
